
Microsoft Visual Studio Solution File, Format Version 12.00
# Visual Studio Version 17
VisualStudioVersion = 17.8.34322.80
MinimumVisualStudioVersion = 10.0.40219.1
Project("{9A19103F-16F7-4668-BE54-9A1E7A4F7556}") = "Day 01 - Trebuchet", "Day 01 - Trebuchet\Day 01 - Trebuchet.csproj", "{B7695CF1-92ED-489B-8807-D8AB5884ABD8}"
EndProject
Project("{9A19103F-16F7-4668-BE54-9A1E7A4F7556}") = "Day 02 - Cube Conundrum", "Day 02 - Cube Conundrum\Day 02 - Cube Conundrum.csproj", "{2372EA8A-6BFC-485C-9E1D-F5EAD7D11D74}"
EndProject
Project("{9A19103F-16F7-4668-BE54-9A1E7A4F7556}") = "Day 03 - Gear Ratios", "Day 03 - Gear Ratios\Day 03 - Gear Ratios.csproj", "{AB511377-E83D-4C4A-ADA0-9D7956DF2029}"
EndProject
Project("{9A19103F-16F7-4668-BE54-9A1E7A4F7556}") = "Day 04 - Scratchcards", "Day 04 - Scratchcards\Day 04 - Scratchcards.csproj", "{7C592ADD-1E58-4A78-BE29-9B8827977BCC}"
EndProject
Project("{9A19103F-16F7-4668-BE54-9A1E7A4F7556}") = "Day 05 - Seed Maps", "Day 05 - Seed Maps\Day 05 - Seed Maps.csproj", "{32837901-C2AF-4E15-9AE8-8B8D601F0DCF}"
EndProject
Project("{9A19103F-16F7-4668-BE54-9A1E7A4F7556}") = "Core", "Core\Core.csproj", "{D7769628-9ADF-42F9-90F9-B7CBF2A2A37F}"
EndProject
Project("{9A19103F-16F7-4668-BE54-9A1E7A4F7556}") = "Day 06 - Wait For It", "Day 06 - Wait For It\Day 06 - Wait For It.csproj", "{7ACF3A25-AC08-4AED-9A0F-BCA2D70E2885}"
EndProject
Project("{9A19103F-16F7-4668-BE54-9A1E7A4F7556}") = "Day 07 - Camel Cards", "Day 07\Day 07 - Camel Cards.csproj", "{6DD9BE13-C8C4-4959-9B4F-33B61A390223}"
EndProject
Project("{9A19103F-16F7-4668-BE54-9A1E7A4F7556}") = "Day 08 - Haunted Wasteland", "Day 08 - Haunted Wasteland\Day 08 - Haunted Wasteland.csproj", "{C3DD35E3-2790-4AFE-B337-4741FAFF800F}"
EndProject
Project("{2150E333-8FDC-42A3-9474-1A3956D46DE8}") = "Solution Items", "Solution Items", "{FFFC294A-15F6-4B9C-9DFC-6D7169DAC38B}"
	ProjectSection(SolutionItems) = preProject
		Readme.md = Readme.md
	EndProjectSection
EndProject
Project("{9A19103F-16F7-4668-BE54-9A1E7A4F7556}") = "Day 09 - Mirage Maintenance", "Day 9\Day 09 - Mirage Maintenance.csproj", "{CBC2906C-1194-4D85-B288-91A36FBC538D}"
EndProject
Project("{9A19103F-16F7-4668-BE54-9A1E7A4F7556}") = "Day 10 - Pipe Maze", "Day 10\Day 10 - Pipe Maze.csproj", "{6B6BFF9E-474D-45FE-8046-5280D460D38B}"
EndProject
Project("{9A19103F-16F7-4668-BE54-9A1E7A4F7556}") = "Day 11", "Day 11\Day 11.csproj", "{27338889-4670-44C4-95CC-E2BFE656078E}"
EndProject
Project("{9A19103F-16F7-4668-BE54-9A1E7A4F7556}") = "Day 13", "Day 13 - Point of Incidence\Day 13.csproj", "{B2041EAF-E82B-4957-8C9D-2FDA596636CC}"
EndProject
Project("{9A19103F-16F7-4668-BE54-9A1E7A4F7556}") = "Day 14 - Parabolic Reflector Dish", "Day 14 - Parabolic Reflector Dish\Day 14 - Parabolic Reflector Dish.csproj", "{544E02FC-A3DA-49C2-8D07-D01A3F5CDF39}"
EndProject
Project("{9A19103F-16F7-4668-BE54-9A1E7A4F7556}") = "Day 15 - Lens Library", "Day 15\Day 15 - Lens Library.csproj", "{DF17CB6C-714F-4A48-ADF5-0AA4C0A539AE}"
EndProject
Project("{9A19103F-16F7-4668-BE54-9A1E7A4F7556}") = "Day 16", "Day 16\Day 16.csproj", "{9E46C20E-EA42-4845-BAB2-88CB694EEDD6}"
EndProject
Global
	GlobalSection(SolutionConfigurationPlatforms) = preSolution
		Debug|Any CPU = Debug|Any CPU
		Release|Any CPU = Release|Any CPU
	EndGlobalSection
	GlobalSection(ProjectConfigurationPlatforms) = postSolution
		{B7695CF1-92ED-489B-8807-D8AB5884ABD8}.Debug|Any CPU.ActiveCfg = Debug|Any CPU
		{B7695CF1-92ED-489B-8807-D8AB5884ABD8}.Debug|Any CPU.Build.0 = Debug|Any CPU
		{B7695CF1-92ED-489B-8807-D8AB5884ABD8}.Release|Any CPU.ActiveCfg = Release|Any CPU
		{B7695CF1-92ED-489B-8807-D8AB5884ABD8}.Release|Any CPU.Build.0 = Release|Any CPU
		{2372EA8A-6BFC-485C-9E1D-F5EAD7D11D74}.Debug|Any CPU.ActiveCfg = Debug|Any CPU
		{2372EA8A-6BFC-485C-9E1D-F5EAD7D11D74}.Debug|Any CPU.Build.0 = Debug|Any CPU
		{2372EA8A-6BFC-485C-9E1D-F5EAD7D11D74}.Release|Any CPU.ActiveCfg = Release|Any CPU
		{2372EA8A-6BFC-485C-9E1D-F5EAD7D11D74}.Release|Any CPU.Build.0 = Release|Any CPU
		{AB511377-E83D-4C4A-ADA0-9D7956DF2029}.Debug|Any CPU.ActiveCfg = Debug|Any CPU
		{AB511377-E83D-4C4A-ADA0-9D7956DF2029}.Debug|Any CPU.Build.0 = Debug|Any CPU
		{AB511377-E83D-4C4A-ADA0-9D7956DF2029}.Release|Any CPU.ActiveCfg = Release|Any CPU
		{AB511377-E83D-4C4A-ADA0-9D7956DF2029}.Release|Any CPU.Build.0 = Release|Any CPU
		{7C592ADD-1E58-4A78-BE29-9B8827977BCC}.Debug|Any CPU.ActiveCfg = Debug|Any CPU
		{7C592ADD-1E58-4A78-BE29-9B8827977BCC}.Debug|Any CPU.Build.0 = Debug|Any CPU
		{7C592ADD-1E58-4A78-BE29-9B8827977BCC}.Release|Any CPU.ActiveCfg = Release|Any CPU
		{7C592ADD-1E58-4A78-BE29-9B8827977BCC}.Release|Any CPU.Build.0 = Release|Any CPU
		{32837901-C2AF-4E15-9AE8-8B8D601F0DCF}.Debug|Any CPU.ActiveCfg = Debug|Any CPU
		{32837901-C2AF-4E15-9AE8-8B8D601F0DCF}.Debug|Any CPU.Build.0 = Debug|Any CPU
		{32837901-C2AF-4E15-9AE8-8B8D601F0DCF}.Release|Any CPU.ActiveCfg = Release|Any CPU
		{32837901-C2AF-4E15-9AE8-8B8D601F0DCF}.Release|Any CPU.Build.0 = Release|Any CPU
		{D7769628-9ADF-42F9-90F9-B7CBF2A2A37F}.Debug|Any CPU.ActiveCfg = Debug|Any CPU
		{D7769628-9ADF-42F9-90F9-B7CBF2A2A37F}.Debug|Any CPU.Build.0 = Debug|Any CPU
		{D7769628-9ADF-42F9-90F9-B7CBF2A2A37F}.Release|Any CPU.ActiveCfg = Release|Any CPU
		{D7769628-9ADF-42F9-90F9-B7CBF2A2A37F}.Release|Any CPU.Build.0 = Release|Any CPU
		{7ACF3A25-AC08-4AED-9A0F-BCA2D70E2885}.Debug|Any CPU.ActiveCfg = Debug|Any CPU
		{7ACF3A25-AC08-4AED-9A0F-BCA2D70E2885}.Debug|Any CPU.Build.0 = Debug|Any CPU
		{7ACF3A25-AC08-4AED-9A0F-BCA2D70E2885}.Release|Any CPU.ActiveCfg = Release|Any CPU
		{7ACF3A25-AC08-4AED-9A0F-BCA2D70E2885}.Release|Any CPU.Build.0 = Release|Any CPU
		{6DD9BE13-C8C4-4959-9B4F-33B61A390223}.Debug|Any CPU.ActiveCfg = Debug|Any CPU
		{6DD9BE13-C8C4-4959-9B4F-33B61A390223}.Debug|Any CPU.Build.0 = Debug|Any CPU
		{6DD9BE13-C8C4-4959-9B4F-33B61A390223}.Release|Any CPU.ActiveCfg = Release|Any CPU
		{6DD9BE13-C8C4-4959-9B4F-33B61A390223}.Release|Any CPU.Build.0 = Release|Any CPU
		{C3DD35E3-2790-4AFE-B337-4741FAFF800F}.Debug|Any CPU.ActiveCfg = Debug|Any CPU
		{C3DD35E3-2790-4AFE-B337-4741FAFF800F}.Debug|Any CPU.Build.0 = Debug|Any CPU
		{C3DD35E3-2790-4AFE-B337-4741FAFF800F}.Release|Any CPU.ActiveCfg = Release|Any CPU
		{C3DD35E3-2790-4AFE-B337-4741FAFF800F}.Release|Any CPU.Build.0 = Release|Any CPU
		{CBC2906C-1194-4D85-B288-91A36FBC538D}.Debug|Any CPU.ActiveCfg = Debug|Any CPU
		{CBC2906C-1194-4D85-B288-91A36FBC538D}.Debug|Any CPU.Build.0 = Debug|Any CPU
		{CBC2906C-1194-4D85-B288-91A36FBC538D}.Release|Any CPU.ActiveCfg = Release|Any CPU
		{CBC2906C-1194-4D85-B288-91A36FBC538D}.Release|Any CPU.Build.0 = Release|Any CPU
		{6B6BFF9E-474D-45FE-8046-5280D460D38B}.Debug|Any CPU.ActiveCfg = Debug|Any CPU
		{6B6BFF9E-474D-45FE-8046-5280D460D38B}.Debug|Any CPU.Build.0 = Debug|Any CPU
		{6B6BFF9E-474D-45FE-8046-5280D460D38B}.Release|Any CPU.ActiveCfg = Release|Any CPU
		{6B6BFF9E-474D-45FE-8046-5280D460D38B}.Release|Any CPU.Build.0 = Release|Any CPU
		{27338889-4670-44C4-95CC-E2BFE656078E}.Debug|Any CPU.ActiveCfg = Debug|Any CPU
		{27338889-4670-44C4-95CC-E2BFE656078E}.Debug|Any CPU.Build.0 = Debug|Any CPU
		{27338889-4670-44C4-95CC-E2BFE656078E}.Release|Any CPU.ActiveCfg = Release|Any CPU
		{27338889-4670-44C4-95CC-E2BFE656078E}.Release|Any CPU.Build.0 = Release|Any CPU
	EndGlobalSection
	GlobalSection(SolutionProperties) = preSolution
		HideSolutionNode = FALSE
	EndGlobalSection
	GlobalSection(ExtensibilityGlobals) = postSolution
		SolutionGuid = {3968BD7D-13DF-4229-B62C-EAD7DFC1E5C4}
	EndGlobalSection
EndGlobal
